<?xml version="1.0" encoding="utf-8"?>
<Project ToolsVersion="4.0" xmlns="http://schemas.microsoft.com/developer/msbuild/2003">
  <ItemGroup>
    <Filter Include="Header Files">
      <UniqueIdentifier>{93995380-89BD-4b04-88EB-625FBE52EBFB}</UniqueIdentifier>
      <Extensions>h;hpp;hxx;hm;inl;inc;xsd</Extensions>
    </Filter>
    <Filter Include="Resource Files">
      <UniqueIdentifier>{67DA6AB6-F800-4c08-8B7A-83BB121AAD01}</UniqueIdentifier>
      <Extensions>rc;ico;cur;bmp;dlg;rc2;rct;bin;rgs;gif;jpg;jpeg;jpe;resx</Extensions>
    </Filter>
    <Filter Include="Source Files">
      <UniqueIdentifier>{4FC737F1-C7A5-4376-A066-2A32D752A2FF}</UniqueIdentifier>
      <Extensions>cpp;c;cc;cxx;def;odl;idl;hpj;bat;asm;asmx</Extensions>
    </Filter>
  </ItemGroup>
  <ItemGroup>
    <ClInclude Include="stenotypist\CSpeechRecognition.h">
      <Filter>Header Files</Filter>
    </ClInclude>
    <ClInclude Include="stenotypist\resource.h">
      <Filter>Header Files</Filter>
    </ClInclude>
    <ClInclude Include="stenotypist\StdAfx.h">
      <Filter>Header Files</Filter>
    </ClInclude>
    <ClInclude Include="stenotypist\Stenotypist.h">
      <Filter>Header Files</Filter>
    </ClInclude>
    <ClInclude Include="stenotypist\StenotypistDlg.h">
      <Filter>Header Files</Filter>
    </ClInclude>
  </ItemGroup>
  <ItemGroup>
    <ResourceCompile Include="stenotypist\Stenotypist.rc">
      <Filter>Resource Files</Filter>
    </ResourceCompile>
  </ItemGroup>
  <ItemGroup>
    <None Include="stenotypist\res\Stenotypist.rc2">
      <Filter>Resource Files</Filter>
    </None>
    <None Include="stenotypist\debug\BuildLog.htm" />
  </ItemGroup>
  <ItemGroup>
    <ClCompile Include="stenotypist\CSpeechRecognition.cpp">
      <Filter>Source Files</Filter>
    </ClCompile>
    <ClCompile Include="stenotypist\StdAfx.cpp">
      <Filter>Source Files</Filter>
    </ClCompile>
    <ClCompile Include="stenotypist\Stenotypist.cpp">
      <Filter>Source Files</Filter>
    </ClCompile>
    <ClCompile Include="stenotypist\StenotypistDlg.cpp">
      <Filter>Source Files</Filter>
    </ClCompile>
  </ItemGroup>
  <ItemGroup>
    <Image Include="stenotypist\res\Stenotypist.ico">
      <Filter>Resource Files</Filter>
    </Image>
  </ItemGroup>
  <ItemGroup>
    <Manifest Include="stenotypist\XPStyle.manifest" />
  </ItemGroup>
</Project>